<Solution>
  <Project Path="D:/C#/.NET/HOC.NET/Bai10_LinQ/Bai10_LinQ.csproj" Id="3008f531-c4f0-41dd-89ce-f6abc2dcf3e4" />
  <Project Path="D:/C#/.NET/HOC.NET/Bai11_HDT2/Bai11_HDT2.csproj" Id="d9b0cbc8-bd44-425b-93b4-45c3d0e25933" />
  <Project Path="D:/C#/.NET/HOC.NET/Bai11_HĐT/Bai11_HĐT.csproj" Id="9043ec15-5918-4e01-97f7-094e07237edf" />
  <Project Path="D:/C#/.NET/HOC.NET/Bai4_Cac Chuong Trinh Dieu Khien/Bai4_Cac Chuong Trinh Dieu Khien.csproj" Id="1f146a8b-6ca5-4656-8521-de34483155d3" />
  <Project Path="D:/C#/.NET/HOC.NET/Bai5_PhuongThuc/Bai5_PhuongThuc.csproj" Id="bfcaa534-a0da-4134-a547-bf6b03848ef7" />
  <Project Path="D:/C#/.NET/HOC.NET/Bai6_ExceptionDemo/Bai6_ExceptionDemo.csproj" Id="477baab8-ebb3-41a7-a747-085d4c8cf6aa" />
  <Project Path="D:/C#/.NET/HOC.NET/Bai7_Stream/Bai7_Stream.csproj" Id="43916449-3026-446c-a6f5-d854757d0a6b" />
  <Project Path="D:/C#/.NET/HOC.NET/Bai8_Collection/Bai8_Collection.csproj" Id="1feef396-15ef-4b1b-ab04-bb0bb37545ec" />
  <Project Path="D:/C#/.NET/HOC.NET/Bai9_BT.Lambda/Bai9_BT.Lambda.csproj" Id="3e3eedd6-e858-4ef5-89b3-839044a5d37e" />
  <Project Path="D:/C#/.NET/HOC.NET/HOC.NET/HOC.NET.csproj" />
  <Project Path="D:/C#/.NET/HOC.NET/Mảng Array/Bai3_Mảng Array.csproj" Id="d64d7c2f-befe-4f26-ab38-ae02cbc6b90d" />
  <Project Path="EF_CODEFIRST/EF_CODEFIRST.csproj" Id="5b244393-250b-4f2f-9002-49e8f5b231d4" />
</Solution>
